// !$*UTF8*$!
{
	archiveVersion = 1;
	classes = {
	};
	objectVersion = 46;
	objects = {

/* Begin PBXBuildFile section */
		AE0365821FC5829B0028B828 /* TRYBaseTableViewController.m in Sources */ = {isa = PBXBuildFile; fileRef = AE0364DB1FC5829B0028B828 /* TRYBaseTableViewController.m */; };
		AE0365831FC5829B0028B828 /* TRYBaseViewController.m in Sources */ = {isa = PBXBuildFile; fileRef = AE0364DD1FC5829B0028B828 /* TRYBaseViewController.m */; };
		AE0365841FC5829B0028B828 /* CustomNavigationBar.m in Sources */ = {isa = PBXBuildFile; fileRef = AE0364E01FC5829B0028B828 /* CustomNavigationBar.m */; };
		AE0365851FC5829B0028B828 /* TRYBaseTableView.m in Sources */ = {isa = PBXBuildFile; fileRef = AE0364E21FC5829B0028B828 /* TRYBaseTableView.m */; };
		AE0365861FC5829B0028B828 /* Foundation+Log.m in Sources */ = {isa = PBXBuildFile; fileRef = AE0364F61FC5829B0028B828 /* Foundation+Log.m */; };
		AE0365871FC5829B0028B828 /* NSDate+Extenion.m in Sources */ = {isa = PBXBuildFile; fileRef = AE0364F81FC5829B0028B828 /* NSDate+Extenion.m */; };
		AE0365881FC5829B0028B828 /* NSDate+Formatter.m in Sources */ = {isa = PBXBuildFile; fileRef = AE0364FA1FC5829B0028B828 /* NSDate+Formatter.m */; };
		AE0365891FC5829B0028B828 /* NSString+Extension.m in Sources */ = {isa = PBXBuildFile; fileRef = AE0364FC1FC5829B0028B828 /* NSString+Extension.m */; };
		AE03658A1FC5829B0028B828 /* NSString+File.m in Sources */ = {isa = PBXBuildFile; fileRef = AE0364FE1FC5829B0028B828 /* NSString+File.m */; };
		AE03658B1FC5829B0028B828 /* NSString+MD5.m in Sources */ = {isa = PBXBuildFile; fileRef = AE0365001FC5829B0028B828 /* NSString+MD5.m */; };
		AE03658C1FC5829B0028B828 /* UIButton+Extension.m in Sources */ = {isa = PBXBuildFile; fileRef = AE0365021FC5829B0028B828 /* UIButton+Extension.m */; };
		AE03658D1FC5829B0028B828 /* UIColor+Extension.m in Sources */ = {isa = PBXBuildFile; fileRef = AE0365041FC5829B0028B828 /* UIColor+Extension.m */; };
		AE03658E1FC5829B0028B828 /* UIImage+Color.m in Sources */ = {isa = PBXBuildFile; fileRef = AE0365061FC5829B0028B828 /* UIImage+Color.m */; };
		AE03658F1FC5829B0028B828 /* UIImage+Extension.m in Sources */ = {isa = PBXBuildFile; fileRef = AE0365081FC5829B0028B828 /* UIImage+Extension.m */; };
		AE0365901FC5829B0028B828 /* UIImageView+loadImage.m in Sources */ = {isa = PBXBuildFile; fileRef = AE03650A1FC5829B0028B828 /* UIImageView+loadImage.m */; };
		AE0365911FC5829B0028B828 /* UIView+Extension.m in Sources */ = {isa = PBXBuildFile; fileRef = AE03650C1FC5829B0028B828 /* UIView+Extension.m */; };
		AE0365921FC5829B0028B828 /* UIViewController+AppearController.m in Sources */ = {isa = PBXBuildFile; fileRef = AE03650E1FC5829B0028B828 /* UIViewController+AppearController.m */; };
		AE0365931FC5829B0028B828 /* YUNewsViewController.m in Sources */ = {isa = PBXBuildFile; fileRef = AE0365111FC5829B0028B828 /* YUNewsViewController.m */; };
		AE0365941FC5829B0028B828 /* TRYCustomHud.m in Sources */ = {isa = PBXBuildFile; fileRef = AE0365151FC5829B0028B828 /* TRYCustomHud.m */; };
		AE0365951FC5829B0028B828 /* TRYRefreshHeader.m in Sources */ = {isa = PBXBuildFile; fileRef = AE0365171FC5829B0028B828 /* TRYRefreshHeader.m */; };
		AE0365961FC5829B0028B828 /* TYGuideTool.m in Sources */ = {isa = PBXBuildFile; fileRef = AE0365191FC5829B0028B828 /* TYGuideTool.m */; };
		AE0365971FC5829B0028B828 /* YUNetHelp.m in Sources */ = {isa = PBXBuildFile; fileRef = AE03651B1FC5829B0028B828 /* YUNetHelp.m */; };
		AE0365981FC5829B0028B828 /* YUMainViewController.m in Sources */ = {isa = PBXBuildFile; fileRef = AE03651F1FC5829B0028B828 /* YUMainViewController.m */; };
		AE0365991FC5829B0028B828 /* YUNavigationController.m in Sources */ = {isa = PBXBuildFile; fileRef = AE0365211FC5829B0028B828 /* YUNavigationController.m */; };
		AE03659A1FC5829B0028B828 /* YULivingIndexModel.m in Sources */ = {isa = PBXBuildFile; fileRef = AE0365241FC5829B0028B828 /* YULivingIndexModel.m */; };
		AE03659B1FC5829B0028B828 /* YUNowWeather.m in Sources */ = {isa = PBXBuildFile; fileRef = AE0365261FC5829B0028B828 /* YUNowWeather.m */; };
		AE03659C1FC5829B0028B828 /* YUWeatherDataModel.m in Sources */ = {isa = PBXBuildFile; fileRef = AE0365281FC5829B0028B828 /* YUWeatherDataModel.m */; };
		AE03659D1FC5829B0028B828 /* YUHeaderView.m in Sources */ = {isa = PBXBuildFile; fileRef = AE03652B1FC5829B0028B828 /* YUHeaderView.m */; };
		AE03659E1FC5829B0028B828 /* YULivingIndexCell.m in Sources */ = {isa = PBXBuildFile; fileRef = AE03652D1FC5829B0028B828 /* YULivingIndexCell.m */; };
		AE03659F1FC5829B0028B828 /* YULivingIndexCell.xib in Resources */ = {isa = PBXBuildFile; fileRef = AE03652E1FC5829B0028B828 /* YULivingIndexCell.xib */; };
		AE0365A01FC5829B0028B828 /* YUTopWeatherView.m in Sources */ = {isa = PBXBuildFile; fileRef = AE0365301FC5829B0028B828 /* YUTopWeatherView.m */; };
		AE0365A11FC5829B0028B828 /* YUTopWeatherView.xib in Resources */ = {isa = PBXBuildFile; fileRef = AE0365311FC5829B0028B828 /* YUTopWeatherView.xib */; };
		AE0365A21FC5829B0028B828 /* YUVerticalButton.m in Sources */ = {isa = PBXBuildFile; fileRef = AE0365331FC5829B0028B828 /* YUVerticalButton.m */; };
		AE0365A31FC5829B0028B828 /* YUWeatherInformationCell.m in Sources */ = {isa = PBXBuildFile; fileRef = AE0365351FC5829B0028B828 /* YUWeatherInformationCell.m */; };
		AE0365A41FC5829B0028B828 /* YUWeatherInformationCell.xib in Resources */ = {isa = PBXBuildFile; fileRef = AE0365361FC5829B0028B828 /* YUWeatherInformationCell.xib */; };
		AE0365A51FC5829B0028B828 /* YUWeatherTrendView.m in Sources */ = {isa = PBXBuildFile; fileRef = AE0365381FC5829B0028B828 /* YUWeatherTrendView.m */; };
		AE0365D91FC5829B0028B828 /* CityData.plist in Resources */ = {isa = PBXBuildFile; fileRef = AE0365701FC5829B0028B828 /* CityData.plist */; };
		AE0365DA1FC5829B0028B828 /* TLCity.m in Sources */ = {isa = PBXBuildFile; fileRef = AE0365721FC5829B0028B828 /* TLCity.m */; };
		AE0365DB1FC5829B0028B828 /* TLCityGroupCell.m in Sources */ = {isa = PBXBuildFile; fileRef = AE0365741FC5829B0028B828 /* TLCityGroupCell.m */; };
		AE0365DC1FC5829B0028B828 /* TLCityHeaderView.m in Sources */ = {isa = PBXBuildFile; fileRef = AE0365761FC5829B0028B828 /* TLCityHeaderView.m */; };
		AE0365DD1FC5829B0028B828 /* TLCityPickerController.m in Sources */ = {isa = PBXBuildFile; fileRef = AE0365781FC5829B0028B828 /* TLCityPickerController.m */; };
		AE0365DE1FC5829B0028B828 /* TLCityPickerSearchResultController.m in Sources */ = {isa = PBXBuildFile; fileRef = AE03657B1FC5829B0028B828 /* TLCityPickerSearchResultController.m */; };
		AE0365DF1FC5829B0028B828 /* YUAboutViewController.m in Sources */ = {isa = PBXBuildFile; fileRef = AE03657F1FC5829B0028B828 /* YUAboutViewController.m */; };
		AE0365E01FC5829B0028B828 /* YUSettingViewController.m in Sources */ = {isa = PBXBuildFile; fileRef = AE0365811FC5829B0028B828 /* YUSettingViewController.m */; };
		AE0662DD1FD00CBE000BAF62 /* loading_gif_01@2x.png in Resources */ = {isa = PBXBuildFile; fileRef = AE0662D81FD00CBE000BAF62 /* loading_gif_01@2x.png */; };
		AE0662DE1FD00CBE000BAF62 /* loading_gif_02@2x.png in Resources */ = {isa = PBXBuildFile; fileRef = AE0662D91FD00CBE000BAF62 /* loading_gif_02@2x.png */; };
		AE0662DF1FD00CBE000BAF62 /* loading_gif_03@2x.png in Resources */ = {isa = PBXBuildFile; fileRef = AE0662DA1FD00CBE000BAF62 /* loading_gif_03@2x.png */; };
		AE0662E01FD00CBE000BAF62 /* loading_gif_04@2x.png in Resources */ = {isa = PBXBuildFile; fileRef = AE0662DB1FD00CBE000BAF62 /* loading_gif_04@2x.png */; };
		AE0662E11FD00CBE000BAF62 /* loading_gif_05@2x.png in Resources */ = {isa = PBXBuildFile; fileRef = AE0662DC1FD00CBE000BAF62 /* loading_gif_05@2x.png */; };
		AEFEF3B11FCFD33000B0799E /* SHSpeechManager.m in Sources */ = {isa = PBXBuildFile; fileRef = AEFEF3B01FCFD33000B0799E /* SHSpeechManager.m */; };
		AEFEF3B41FCFDA3F00B0799E /* YUSetNotificationController.m in Sources */ = {isa = PBXBuildFile; fileRef = AEFEF3B31FCFDA3F00B0799E /* YUSetNotificationController.m */; };
		AEFEF3B81FCFDF2100B0799E /* StoryboardSet.storyboard in Resources */ = {isa = PBXBuildFile; fileRef = AEFEF3B71FCFDF2100B0799E /* StoryboardSet.storyboard */; };
		AEFF4ED81FCBE43D00860E3F /* SHSetDateViewController.m in Sources */ = {isa = PBXBuildFile; fileRef = AEFF4ED51FCBE43C00860E3F /* SHSetDateViewController.m */; };
		AEFF4EDC1FCBE51600860E3F /* SHWeekDayTableViewCell.m in Sources */ = {isa = PBXBuildFile; fileRef = AEFF4EDB1FCBE51600860E3F /* SHWeekDayTableViewCell.m */; };
		BC399F1E1C8D73F800A66115 /* CoreLocation.framework in Frameworks */ = {isa = PBXBuildFile; fileRef = BC399F1D1C8D73F800A66115 /* CoreLocation.framework */; };
		BC8B8EA81C85409100044209 /* main.m in Sources */ = {isa = PBXBuildFile; fileRef = BC8B8EA71C85409100044209 /* main.m */; };
		BC8B8EAB1C85409100044209 /* AppDelegate.m in Sources */ = {isa = PBXBuildFile; fileRef = BC8B8EAA1C85409100044209 /* AppDelegate.m */; };
		BC8B8EB31C85409100044209 /* Assets.xcassets in Resources */ = {isa = PBXBuildFile; fileRef = BC8B8EB21C85409100044209 /* Assets.xcassets */; };
		BC8B8EB61C85409100044209 /* LaunchScreen.storyboard in Resources */ = {isa = PBXBuildFile; fileRef = BC8B8EB41C85409100044209 /* LaunchScreen.storyboard */; };
		CFEFD634C155E9791EBE1F71 /* libPods-TimelyWeahter.a in Frameworks */ = {isa = PBXBuildFile; fileRef = 7943170DA967AF3BB4F7DE25 /* libPods-TimelyWeahter.a */; };
/* End PBXBuildFile section */

/* Begin PBXFileReference section */
		2E0FD403FB06ADD9780EDF9D /* Pods-TimelyWeahter.debug.xcconfig */ = {isa = PBXFileReference; includeInIndex = 1; lastKnownFileType = text.xcconfig; name = "Pods-TimelyWeahter.debug.xcconfig"; path = "Pods/Target Support Files/Pods-TimelyWeahter/Pods-TimelyWeahter.debug.xcconfig"; sourceTree = "<group>"; };
		7943170DA967AF3BB4F7DE25 /* libPods-TimelyWeahter.a */ = {isa = PBXFileReference; explicitFileType = archive.ar; includeInIndex = 0; path = "libPods-TimelyWeahter.a"; sourceTree = BUILT_PRODUCTS_DIR; };
		AE0364DA1FC5829B0028B828 /* TRYBaseTableViewController.h */ = {isa = PBXFileReference; fileEncoding = 4; lastKnownFileType = sourcecode.c.h; path = TRYBaseTableViewController.h; sourceTree = "<group>"; };
		AE0364DB1FC5829B0028B828 /* TRYBaseTableViewController.m */ = {isa = PBXFileReference; fileEncoding = 4; lastKnownFileType = sourcecode.c.objc; path = TRYBaseTableViewController.m; sourceTree = "<group>"; };
		AE0364DC1FC5829B0028B828 /* TRYBaseViewController.h */ = {isa = PBXFileReference; fileEncoding = 4; lastKnownFileType = sourcecode.c.h; path = TRYBaseViewController.h; sourceTree = "<group>"; };
		AE0364DD1FC5829B0028B828 /* TRYBaseViewController.m */ = {isa = PBXFileReference; fileEncoding = 4; lastKnownFileType = sourcecode.c.objc; path = TRYBaseViewController.m; sourceTree = "<group>"; };
		AE0364DF1FC5829B0028B828 /* CustomNavigationBar.h */ = {isa = PBXFileReference; fileEncoding = 4; lastKnownFileType = sourcecode.c.h; path = CustomNavigationBar.h; sourceTree = "<group>"; };
		AE0364E01FC5829B0028B828 /* CustomNavigationBar.m */ = {isa = PBXFileReference; fileEncoding = 4; lastKnownFileType = sourcecode.c.objc; path = CustomNavigationBar.m; sourceTree = "<group>"; };
		AE0364E11FC5829B0028B828 /* TRYBaseTableView.h */ = {isa = PBXFileReference; fileEncoding = 4; lastKnownFileType = sourcecode.c.h; path = TRYBaseTableView.h; sourceTree = "<group>"; };
		AE0364E21FC5829B0028B828 /* TRYBaseTableView.m */ = {isa = PBXFileReference; fileEncoding = 4; lastKnownFileType = sourcecode.c.objc; path = TRYBaseTableView.m; sourceTree = "<group>"; };
		AE0364F61FC5829B0028B828 /* Foundation+Log.m */ = {isa = PBXFileReference; fileEncoding = 4; lastKnownFileType = sourcecode.c.objc; path = "Foundation+Log.m"; sourceTree = "<group>"; };
		AE0364F71FC5829B0028B828 /* NSDate+Extenion.h */ = {isa = PBXFileReference; fileEncoding = 4; lastKnownFileType = sourcecode.c.h; path = "NSDate+Extenion.h"; sourceTree = "<group>"; };
		AE0364F81FC5829B0028B828 /* NSDate+Extenion.m */ = {isa = PBXFileReference; fileEncoding = 4; lastKnownFileType = sourcecode.c.objc; path = "NSDate+Extenion.m"; sourceTree = "<group>"; };
		AE0364F91FC5829B0028B828 /* NSDate+Formatter.h */ = {isa = PBXFileReference; fileEncoding = 4; lastKnownFileType = sourcecode.c.h; path = "NSDate+Formatter.h"; sourceTree = "<group>"; };
		AE0364FA1FC5829B0028B828 /* NSDate+Formatter.m */ = {isa = PBXFileReference; fileEncoding = 4; lastKnownFileType = sourcecode.c.objc; path = "NSDate+Formatter.m"; sourceTree = "<group>"; };
		AE0364FB1FC5829B0028B828 /* NSString+Extension.h */ = {isa = PBXFileReference; fileEncoding = 4; lastKnownFileType = sourcecode.c.h; path = "NSString+Extension.h"; sourceTree = "<group>"; };
		AE0364FC1FC5829B0028B828 /* NSString+Extension.m */ = {isa = PBXFileReference; fileEncoding = 4; lastKnownFileType = sourcecode.c.objc; path = "NSString+Extension.m"; sourceTree = "<group>"; };
		AE0364FD1FC5829B0028B828 /* NSString+File.h */ = {isa = PBXFileReference; fileEncoding = 4; lastKnownFileType = sourcecode.c.h; path = "NSString+File.h"; sourceTree = "<group>"; };
		AE0364FE1FC5829B0028B828 /* NSString+File.m */ = {isa = PBXFileReference; fileEncoding = 4; lastKnownFileType = sourcecode.c.objc; path = "NSString+File.m"; sourceTree = "<group>"; };
		AE0364FF1FC5829B0028B828 /* NSString+MD5.h */ = {isa = PBXFileReference; fileEncoding = 4; lastKnownFileType = sourcecode.c.h; path = "NSString+MD5.h"; sourceTree = "<group>"; };
		AE0365001FC5829B0028B828 /* NSString+MD5.m */ = {isa = PBXFileReference; fileEncoding = 4; lastKnownFileType = sourcecode.c.objc; path = "NSString+MD5.m"; sourceTree = "<group>"; };
		AE0365011FC5829B0028B828 /* UIButton+Extension.h */ = {isa = PBXFileReference; fileEncoding = 4; lastKnownFileType = sourcecode.c.h; path = "UIButton+Extension.h"; sourceTree = "<group>"; };
		AE0365021FC5829B0028B828 /* UIButton+Extension.m */ = {isa = PBXFileReference; fileEncoding = 4; lastKnownFileType = sourcecode.c.objc; path = "UIButton+Extension.m"; sourceTree = "<group>"; };
		AE0365031FC5829B0028B828 /* UIColor+Extension.h */ = {isa = PBXFileReference; fileEncoding = 4; lastKnownFileType = sourcecode.c.h; path = "UIColor+Extension.h"; sourceTree = "<group>"; };
		AE0365041FC5829B0028B828 /* UIColor+Extension.m */ = {isa = PBXFileReference; fileEncoding = 4; lastKnownFileType = sourcecode.c.objc; path = "UIColor+Extension.m"; sourceTree = "<group>"; };
		AE0365051FC5829B0028B828 /* UIImage+Color.h */ = {isa = PBXFileReference; fileEncoding = 4; lastKnownFileType = sourcecode.c.h; path = "UIImage+Color.h"; sourceTree = "<group>"; };
		AE0365061FC5829B0028B828 /* UIImage+Color.m */ = {isa = PBXFileReference; fileEncoding = 4; lastKnownFileType = sourcecode.c.objc; path = "UIImage+Color.m"; sourceTree = "<group>"; };
		AE0365071FC5829B0028B828 /* UIImage+Extension.h */ = {isa = PBXFileReference; fileEncoding = 4; lastKnownFileType = sourcecode.c.h; path = "UIImage+Extension.h"; sourceTree = "<group>"; };
		AE0365081FC5829B0028B828 /* UIImage+Extension.m */ = {isa = PBXFileReference; fileEncoding = 4; lastKnownFileType = sourcecode.c.objc; path = "UIImage+Extension.m"; sourceTree = "<group>"; };
		AE0365091FC5829B0028B828 /* UIImageView+loadImage.h */ = {isa = PBXFileReference; fileEncoding = 4; lastKnownFileType = sourcecode.c.h; path = "UIImageView+loadImage.h"; sourceTree = "<group>"; };
		AE03650A1FC5829B0028B828 /* UIImageView+loadImage.m */ = {isa = PBXFileReference; fileEncoding = 4; lastKnownFileType = sourcecode.c.objc; path = "UIImageView+loadImage.m"; sourceTree = "<group>"; };
		AE03650B1FC5829B0028B828 /* UIView+Extension.h */ = {isa = PBXFileReference; fileEncoding = 4; lastKnownFileType = sourcecode.c.h; path = "UIView+Extension.h"; sourceTree = "<group>"; };
		AE03650C1FC5829B0028B828 /* UIView+Extension.m */ = {isa = PBXFileReference; fileEncoding = 4; lastKnownFileType = sourcecode.c.objc; path = "UIView+Extension.m"; sourceTree = "<group>"; };
		AE03650D1FC5829B0028B828 /* UIViewController+AppearController.h */ = {isa = PBXFileReference; fileEncoding = 4; lastKnownFileType = sourcecode.c.h; path = "UIViewController+AppearController.h"; sourceTree = "<group>"; };
		AE03650E1FC5829B0028B828 /* UIViewController+AppearController.m */ = {isa = PBXFileReference; fileEncoding = 4; lastKnownFileType = sourcecode.c.objc; path = "UIViewController+AppearController.m"; sourceTree = "<group>"; };
		AE0365101FC5829B0028B828 /* YUNewsViewController.h */ = {isa = PBXFileReference; fileEncoding = 4; lastKnownFileType = sourcecode.c.h; path = YUNewsViewController.h; sourceTree = "<group>"; };
		AE0365111FC5829B0028B828 /* YUNewsViewController.m */ = {isa = PBXFileReference; fileEncoding = 4; lastKnownFileType = sourcecode.c.objc; path = YUNewsViewController.m; sourceTree = "<group>"; };
		AE0365131FC5829B0028B828 /* PreConfig.h */ = {isa = PBXFileReference; fileEncoding = 4; lastKnownFileType = sourcecode.c.h; path = PreConfig.h; sourceTree = "<group>"; };
		AE0365141FC5829B0028B828 /* TRYCustomHud.h */ = {isa = PBXFileReference; fileEncoding = 4; lastKnownFileType = sourcecode.c.h; path = TRYCustomHud.h; sourceTree = "<group>"; };
		AE0365151FC5829B0028B828 /* TRYCustomHud.m */ = {isa = PBXFileReference; fileEncoding = 4; lastKnownFileType = sourcecode.c.objc; path = TRYCustomHud.m; sourceTree = "<group>"; };
		AE0365161FC5829B0028B828 /* TRYRefreshHeader.h */ = {isa = PBXFileReference; fileEncoding = 4; lastKnownFileType = sourcecode.c.h; path = TRYRefreshHeader.h; sourceTree = "<group>"; };
		AE0365171FC5829B0028B828 /* TRYRefreshHeader.m */ = {isa = PBXFileReference; fileEncoding = 4; lastKnownFileType = sourcecode.c.objc; path = TRYRefreshHeader.m; sourceTree = "<group>"; };
		AE0365181FC5829B0028B828 /* TYGuideTool.h */ = {isa = PBXFileReference; fileEncoding = 4; lastKnownFileType = sourcecode.c.h; path = TYGuideTool.h; sourceTree = "<group>"; };
		AE0365191FC5829B0028B828 /* TYGuideTool.m */ = {isa = PBXFileReference; fileEncoding = 4; lastKnownFileType = sourcecode.c.objc; path = TYGuideTool.m; sourceTree = "<group>"; };
		AE03651A1FC5829B0028B828 /* YUNetHelp.h */ = {isa = PBXFileReference; fileEncoding = 4; lastKnownFileType = sourcecode.c.h; path = YUNetHelp.h; sourceTree = "<group>"; };
		AE03651B1FC5829B0028B828 /* YUNetHelp.m */ = {isa = PBXFileReference; fileEncoding = 4; lastKnownFileType = sourcecode.c.objc; path = YUNetHelp.m; sourceTree = "<group>"; };
		AE03651E1FC5829B0028B828 /* YUMainViewController.h */ = {isa = PBXFileReference; fileEncoding = 4; lastKnownFileType = sourcecode.c.h; path = YUMainViewController.h; sourceTree = "<group>"; };
		AE03651F1FC5829B0028B828 /* YUMainViewController.m */ = {isa = PBXFileReference; fileEncoding = 4; lastKnownFileType = sourcecode.c.objc; path = YUMainViewController.m; sourceTree = "<group>"; };
		AE0365201FC5829B0028B828 /* YUNavigationController.h */ = {isa = PBXFileReference; fileEncoding = 4; lastKnownFileType = sourcecode.c.h; path = YUNavigationController.h; sourceTree = "<group>"; };
		AE0365211FC5829B0028B828 /* YUNavigationController.m */ = {isa = PBXFileReference; fileEncoding = 4; lastKnownFileType = sourcecode.c.objc; path = YUNavigationController.m; sourceTree = "<group>"; };
		AE0365231FC5829B0028B828 /* YULivingIndexModel.h */ = {isa = PBXFileReference; fileEncoding = 4; lastKnownFileType = sourcecode.c.h; path = YULivingIndexModel.h; sourceTree = "<group>"; };
		AE0365241FC5829B0028B828 /* YULivingIndexModel.m */ = {isa = PBXFileReference; fileEncoding = 4; lastKnownFileType = sourcecode.c.objc; path = YULivingIndexModel.m; sourceTree = "<group>"; };
		AE0365251FC5829B0028B828 /* YUNowWeather.h */ = {isa = PBXFileReference; fileEncoding = 4; lastKnownFileType = sourcecode.c.h; path = YUNowWeather.h; sourceTree = "<group>"; };
		AE0365261FC5829B0028B828 /* YUNowWeather.m */ = {isa = PBXFileReference; fileEncoding = 4; lastKnownFileType = sourcecode.c.objc; path = YUNowWeather.m; sourceTree = "<group>"; };
		AE0365271FC5829B0028B828 /* YUWeatherDataModel.h */ = {isa = PBXFileReference; fileEncoding = 4; lastKnownFileType = sourcecode.c.h; path = YUWeatherDataModel.h; sourceTree = "<group>"; };
		AE0365281FC5829B0028B828 /* YUWeatherDataModel.m */ = {isa = PBXFileReference; fileEncoding = 4; lastKnownFileType = sourcecode.c.objc; path = YUWeatherDataModel.m; sourceTree = "<group>"; };
		AE03652A1FC5829B0028B828 /* YUHeaderView.h */ = {isa = PBXFileReference; fileEncoding = 4; lastKnownFileType = sourcecode.c.h; path = YUHeaderView.h; sourceTree = "<group>"; };
		AE03652B1FC5829B0028B828 /* YUHeaderView.m */ = {isa = PBXFileReference; fileEncoding = 4; lastKnownFileType = sourcecode.c.objc; path = YUHeaderView.m; sourceTree = "<group>"; };
		AE03652C1FC5829B0028B828 /* YULivingIndexCell.h */ = {isa = PBXFileReference; fileEncoding = 4; lastKnownFileType = sourcecode.c.h; path = YULivingIndexCell.h; sourceTree = "<group>"; };
		AE03652D1FC5829B0028B828 /* YULivingIndexCell.m */ = {isa = PBXFileReference; fileEncoding = 4; lastKnownFileType = sourcecode.c.objc; path = YULivingIndexCell.m; sourceTree = "<group>"; };
		AE03652E1FC5829B0028B828 /* YULivingIndexCell.xib */ = {isa = PBXFileReference; fileEncoding = 4; lastKnownFileType = file.xib; path = YULivingIndexCell.xib; sourceTree = "<group>"; };
		AE03652F1FC5829B0028B828 /* YUTopWeatherView.h */ = {isa = PBXFileReference; fileEncoding = 4; lastKnownFileType = sourcecode.c.h; path = YUTopWeatherView.h; sourceTree = "<group>"; };
		AE0365301FC5829B0028B828 /* YUTopWeatherView.m */ = {isa = PBXFileReference; fileEncoding = 4; lastKnownFileType = sourcecode.c.objc; path = YUTopWeatherView.m; sourceTree = "<group>"; };
		AE0365311FC5829B0028B828 /* YUTopWeatherView.xib */ = {isa = PBXFileReference; fileEncoding = 4; lastKnownFileType = file.xib; path = YUTopWeatherView.xib; sourceTree = "<group>"; };
		AE0365321FC5829B0028B828 /* YUVerticalButton.h */ = {isa = PBXFileReference; fileEncoding = 4; lastKnownFileType = sourcecode.c.h; path = YUVerticalButton.h; sourceTree = "<group>"; };
		AE0365331FC5829B0028B828 /* YUVerticalButton.m */ = {isa = PBXFileReference; fileEncoding = 4; lastKnownFileType = sourcecode.c.objc; path = YUVerticalButton.m; sourceTree = "<group>"; };
		AE0365341FC5829B0028B828 /* YUWeatherInformationCell.h */ = {isa = PBXFileReference; fileEncoding = 4; lastKnownFileType = sourcecode.c.h; path = YUWeatherInformationCell.h; sourceTree = "<group>"; };
		AE0365351FC5829B0028B828 /* YUWeatherInformationCell.m */ = {isa = PBXFileReference; fileEncoding = 4; lastKnownFileType = sourcecode.c.objc; path = YUWeatherInformationCell.m; sourceTree = "<group>"; };
		AE0365361FC5829B0028B828 /* YUWeatherInformationCell.xib */ = {isa = PBXFileReference; fileEncoding = 4; lastKnownFileType = file.xib; path = YUWeatherInformationCell.xib; sourceTree = "<group>"; };
		AE0365371FC5829B0028B828 /* YUWeatherTrendView.h */ = {isa = PBXFileReference; fileEncoding = 4; lastKnownFileType = sourcecode.c.h; path = YUWeatherTrendView.h; sourceTree = "<group>"; };
		AE0365381FC5829B0028B828 /* YUWeatherTrendView.m */ = {isa = PBXFileReference; fileEncoding = 4; lastKnownFileType = sourcecode.c.objc; path = YUWeatherTrendView.m; sourceTree = "<group>"; };
		AE0365701FC5829B0028B828 /* CityData.plist */ = {isa = PBXFileReference; fileEncoding = 4; lastKnownFileType = text.plist.xml; path = CityData.plist; sourceTree = "<group>"; };
		AE0365711FC5829B0028B828 /* TLCity.h */ = {isa = PBXFileReference; fileEncoding = 4; lastKnownFileType = sourcecode.c.h; path = TLCity.h; sourceTree = "<group>"; };
		AE0365721FC5829B0028B828 /* TLCity.m */ = {isa = PBXFileReference; fileEncoding = 4; lastKnownFileType = sourcecode.c.objc; path = TLCity.m; sourceTree = "<group>"; };
		AE0365731FC5829B0028B828 /* TLCityGroupCell.h */ = {isa = PBXFileReference; fileEncoding = 4; lastKnownFileType = sourcecode.c.h; path = TLCityGroupCell.h; sourceTree = "<group>"; };
		AE0365741FC5829B0028B828 /* TLCityGroupCell.m */ = {isa = PBXFileReference; fileEncoding = 4; lastKnownFileType = sourcecode.c.objc; path = TLCityGroupCell.m; sourceTree = "<group>"; };
		AE0365751FC5829B0028B828 /* TLCityHeaderView.h */ = {isa = PBXFileReference; fileEncoding = 4; lastKnownFileType = sourcecode.c.h; path = TLCityHeaderView.h; sourceTree = "<group>"; };
		AE0365761FC5829B0028B828 /* TLCityHeaderView.m */ = {isa = PBXFileReference; fileEncoding = 4; lastKnownFileType = sourcecode.c.objc; path = TLCityHeaderView.m; sourceTree = "<group>"; };
		AE0365771FC5829B0028B828 /* TLCityPickerController.h */ = {isa = PBXFileReference; fileEncoding = 4; lastKnownFileType = sourcecode.c.h; path = TLCityPickerController.h; sourceTree = "<group>"; };
		AE0365781FC5829B0028B828 /* TLCityPickerController.m */ = {isa = PBXFileReference; fileEncoding = 4; lastKnownFileType = sourcecode.c.objc; path = TLCityPickerController.m; sourceTree = "<group>"; };
		AE0365791FC5829B0028B828 /* TLCityPickerDelegate.h */ = {isa = PBXFileReference; fileEncoding = 4; lastKnownFileType = sourcecode.c.h; path = TLCityPickerDelegate.h; sourceTree = "<group>"; };
		AE03657A1FC5829B0028B828 /* TLCityPickerSearchResultController.h */ = {isa = PBXFileReference; fileEncoding = 4; lastKnownFileType = sourcecode.c.h; path = TLCityPickerSearchResultController.h; sourceTree = "<group>"; };
		AE03657B1FC5829B0028B828 /* TLCityPickerSearchResultController.m */ = {isa = PBXFileReference; fileEncoding = 4; lastKnownFileType = sourcecode.c.objc; path = TLCityPickerSearchResultController.m; sourceTree = "<group>"; };
		AE03657E1FC5829B0028B828 /* YUAboutViewController.h */ = {isa = PBXFileReference; fileEncoding = 4; lastKnownFileType = sourcecode.c.h; path = YUAboutViewController.h; sourceTree = "<group>"; };
		AE03657F1FC5829B0028B828 /* YUAboutViewController.m */ = {isa = PBXFileReference; fileEncoding = 4; lastKnownFileType = sourcecode.c.objc; path = YUAboutViewController.m; sourceTree = "<group>"; };
		AE0365801FC5829B0028B828 /* YUSettingViewController.h */ = {isa = PBXFileReference; fileEncoding = 4; lastKnownFileType = sourcecode.c.h; path = YUSettingViewController.h; sourceTree = "<group>"; };
		AE0365811FC5829B0028B828 /* YUSettingViewController.m */ = {isa = PBXFileReference; fileEncoding = 4; lastKnownFileType = sourcecode.c.objc; path = YUSettingViewController.m; sourceTree = "<group>"; };
		AE0662D81FD00CBE000BAF62 /* loading_gif_01@2x.png */ = {isa = PBXFileReference; lastKnownFileType = image.png; path = "loading_gif_01@2x.png"; sourceTree = "<group>"; };
		AE0662D91FD00CBE000BAF62 /* loading_gif_02@2x.png */ = {isa = PBXFileReference; lastKnownFileType = image.png; path = "loading_gif_02@2x.png"; sourceTree = "<group>"; };
		AE0662DA1FD00CBE000BAF62 /* loading_gif_03@2x.png */ = {isa = PBXFileReference; lastKnownFileType = image.png; path = "loading_gif_03@2x.png"; sourceTree = "<group>"; };
		AE0662DB1FD00CBE000BAF62 /* loading_gif_04@2x.png */ = {isa = PBXFileReference; lastKnownFileType = image.png; path = "loading_gif_04@2x.png"; sourceTree = "<group>"; };
		AE0662DC1FD00CBE000BAF62 /* loading_gif_05@2x.png */ = {isa = PBXFileReference; lastKnownFileType = image.png; path = "loading_gif_05@2x.png"; sourceTree = "<group>"; };
		AEFEF3AF1FCFD33000B0799E /* SHSpeechManager.h */ = {isa = PBXFileReference; fileEncoding = 4; lastKnownFileType = sourcecode.c.h; path = SHSpeechManager.h; sourceTree = "<group>"; };
		AEFEF3B01FCFD33000B0799E /* SHSpeechManager.m */ = {isa = PBXFileReference; fileEncoding = 4; lastKnownFileType = sourcecode.c.objc; path = SHSpeechManager.m; sourceTree = "<group>"; };
		AEFEF3B21FCFDA3F00B0799E /* YUSetNotificationController.h */ = {isa = PBXFileReference; lastKnownFileType = sourcecode.c.h; path = YUSetNotificationController.h; sourceTree = "<group>"; };
		AEFEF3B31FCFDA3F00B0799E /* YUSetNotificationController.m */ = {isa = PBXFileReference; lastKnownFileType = sourcecode.c.objc; path = YUSetNotificationController.m; sourceTree = "<group>"; };
		AEFEF3B71FCFDF2100B0799E /* StoryboardSet.storyboard */ = {isa = PBXFileReference; lastKnownFileType = file.storyboard; path = StoryboardSet.storyboard; sourceTree = "<group>"; };
		AEFF4ED51FCBE43C00860E3F /* SHSetDateViewController.m */ = {isa = PBXFileReference; fileEncoding = 4; lastKnownFileType = sourcecode.c.objc; path = SHSetDateViewController.m; sourceTree = "<group>"; };
		AEFF4ED61FCBE43C00860E3F /* SHSetDateViewController.h */ = {isa = PBXFileReference; fileEncoding = 4; lastKnownFileType = sourcecode.c.h; path = SHSetDateViewController.h; sourceTree = "<group>"; };
		AEFF4EDA1FCBE51600860E3F /* SHWeekDayTableViewCell.h */ = {isa = PBXFileReference; fileEncoding = 4; lastKnownFileType = sourcecode.c.h; path = SHWeekDayTableViewCell.h; sourceTree = "<group>"; };
		AEFF4EDB1FCBE51600860E3F /* SHWeekDayTableViewCell.m */ = {isa = PBXFileReference; fileEncoding = 4; lastKnownFileType = sourcecode.c.objc; path = SHWeekDayTableViewCell.m; sourceTree = "<group>"; };
		BC399F1D1C8D73F800A66115 /* CoreLocation.framework */ = {isa = PBXFileReference; lastKnownFileType = wrapper.framework; name = CoreLocation.framework; path = System/Library/Frameworks/CoreLocation.framework; sourceTree = SDKROOT; };
		BC8B8EA31C85409100044209 /* TimelyWeahter.app */ = {isa = PBXFileReference; explicitFileType = wrapper.application; includeInIndex = 0; path = TimelyWeahter.app; sourceTree = BUILT_PRODUCTS_DIR; };
		BC8B8EA71C85409100044209 /* main.m */ = {isa = PBXFileReference; lastKnownFileType = sourcecode.c.objc; path = main.m; sourceTree = "<group>"; };
		BC8B8EA91C85409100044209 /* AppDelegate.h */ = {isa = PBXFileReference; lastKnownFileType = sourcecode.c.h; path = AppDelegate.h; sourceTree = "<group>"; };
		BC8B8EAA1C85409100044209 /* AppDelegate.m */ = {isa = PBXFileReference; lastKnownFileType = sourcecode.c.objc; path = AppDelegate.m; sourceTree = "<group>"; };
		BC8B8EB21C85409100044209 /* Assets.xcassets */ = {isa = PBXFileReference; lastKnownFileType = folder.assetcatalog; path = Assets.xcassets; sourceTree = "<group>"; };
		BC8B8EB51C85409100044209 /* Base */ = {isa = PBXFileReference; lastKnownFileType = file.storyboard; name = Base; path = Base.lproj/LaunchScreen.storyboard; sourceTree = "<group>"; };
		BC8B8EB71C85409100044209 /* Info.plist */ = {isa = PBXFileReference; lastKnownFileType = text.plist.xml; path = Info.plist; sourceTree = "<group>"; };
		CAAED275946DACA50B0CE468 /* Pods-TimelyWeahter.release.xcconfig */ = {isa = PBXFileReference; includeInIndex = 1; lastKnownFileType = text.xcconfig; name = "Pods-TimelyWeahter.release.xcconfig"; path = "Pods/Target Support Files/Pods-TimelyWeahter/Pods-TimelyWeahter.release.xcconfig"; sourceTree = "<group>"; };
/* End PBXFileReference section */

/* Begin PBXFrameworksBuildPhase section */
		BC8B8EA01C85409100044209 /* Frameworks */ = {
			isa = PBXFrameworksBuildPhase;
			buildActionMask = 2147483647;
			files = (
				BC399F1E1C8D73F800A66115 /* CoreLocation.framework in Frameworks */,
				CFEFD634C155E9791EBE1F71 /* libPods-TimelyWeahter.a in Frameworks */,
			);
			runOnlyForDeploymentPostprocessing = 0;
		};
/* End PBXFrameworksBuildPhase section */

/* Begin PBXGroup section */
		51C9CEA445C5285DE8C6B001 /* Pods */ = {
			isa = PBXGroup;
			children = (
				2E0FD403FB06ADD9780EDF9D /* Pods-TimelyWeahter.debug.xcconfig */,
				CAAED275946DACA50B0CE468 /* Pods-TimelyWeahter.release.xcconfig */,
			);
			name = Pods;
			sourceTree = "<group>";
		};
		AE0364D81FC5829B0028B828 /* Base */ = {
			isa = PBXGroup;
			children = (
				AE0364D91FC5829B0028B828 /* Controllers */,
				AE0364DE1FC5829B0028B828 /* View */,
			);
			path = Base;
			sourceTree = "<group>";
		};
		AE0364D91FC5829B0028B828 /* Controllers */ = {
			isa = PBXGroup;
			children = (
				AE0364DA1FC5829B0028B828 /* TRYBaseTableViewController.h */,
				AE0364DB1FC5829B0028B828 /* TRYBaseTableViewController.m */,
				AE0364DC1FC5829B0028B828 /* TRYBaseViewController.h */,
				AE0364DD1FC5829B0028B828 /* TRYBaseViewController.m */,
			);
			path = Controllers;
			sourceTree = "<group>";
		};
		AE0364DE1FC5829B0028B828 /* View */ = {
			isa = PBXGroup;
			children = (
				AE0364DF1FC5829B0028B828 /* CustomNavigationBar.h */,
				AE0364E01FC5829B0028B828 /* CustomNavigationBar.m */,
				AE0364E11FC5829B0028B828 /* TRYBaseTableView.h */,
				AE0364E21FC5829B0028B828 /* TRYBaseTableView.m */,
			);
			path = View;
			sourceTree = "<group>";
		};
		AE0364E31FC5829B0028B828 /* Other */ = {
			isa = PBXGroup;
			children = (
				AE0364E41FC5829B0028B828 /* Category */,
				AE03650F1FC5829B0028B828 /* Controller */,
				AE0365121FC5829B0028B828 /* Helper */,
			);
			path = Other;
			sourceTree = "<group>";
		};
		AE0364E41FC5829B0028B828 /* Category */ = {
			isa = PBXGroup;
			children = (
				AE0364E51FC5829B0028B828 /* Addition */,
				AE0364F61FC5829B0028B828 /* Foundation+Log.m */,
				AE0364F71FC5829B0028B828 /* NSDate+Extenion.h */,
				AE0364F81FC5829B0028B828 /* NSDate+Extenion.m */,
				AE0364F91FC5829B0028B828 /* NSDate+Formatter.h */,
				AE0364FA1FC5829B0028B828 /* NSDate+Formatter.m */,
				AE0364FB1FC5829B0028B828 /* NSString+Extension.h */,
				AE0364FC1FC5829B0028B828 /* NSString+Extension.m */,
				AE0364FD1FC5829B0028B828 /* NSString+File.h */,
				AE0364FE1FC5829B0028B828 /* NSString+File.m */,
				AE0364FF1FC5829B0028B828 /* NSString+MD5.h */,
				AE0365001FC5829B0028B828 /* NSString+MD5.m */,
				AE0365011FC5829B0028B828 /* UIButton+Extension.h */,
				AE0365021FC5829B0028B828 /* UIButton+Extension.m */,
				AE0365031FC5829B0028B828 /* UIColor+Extension.h */,
				AE0365041FC5829B0028B828 /* UIColor+Extension.m */,
				AE0365051FC5829B0028B828 /* UIImage+Color.h */,
				AE0365061FC5829B0028B828 /* UIImage+Color.m */,
				AE0365071FC5829B0028B828 /* UIImage+Extension.h */,
				AE0365081FC5829B0028B828 /* UIImage+Extension.m */,
				AE0365091FC5829B0028B828 /* UIImageView+loadImage.h */,
				AE03650A1FC5829B0028B828 /* UIImageView+loadImage.m */,
				AE03650B1FC5829B0028B828 /* UIView+Extension.h */,
				AE03650C1FC5829B0028B828 /* UIView+Extension.m */,
				AE03650D1FC5829B0028B828 /* UIViewController+AppearController.h */,
				AE03650E1FC5829B0028B828 /* UIViewController+AppearController.m */,
			);
			path = Category;
			sourceTree = "<group>";
		};
		AE0364E51FC5829B0028B828 /* Addition */ = {
			isa = PBXGroup;
			children = (
				AE0364E61FC5829B0028B828 /* NSDate */,
				AE0364E71FC5829B0028B828 /* NSDictionary */,
				AE0364E81FC5829B0028B828 /* NSObject */,
				AE0364E91FC5829B0028B828 /* NSString */,
				AE0364EA1FC5829B0028B828 /* NSTimer */,
				AE0364EB1FC5829B0028B828 /* UIApplication */,
				AE0364EC1FC5829B0028B828 /* UIButton */,
				AE0364ED1FC5829B0028B828 /* UIControl */,
				AE0364EE1FC5829B0028B828 /* UIImage */,
				AE0364EF1FC5829B0028B828 /* UIImageView */,
				AE0364F01FC5829B0028B828 /* UINavigationController */,
				AE0364F11FC5829B0028B828 /* UINavigationItem */,
				AE0364F21FC5829B0028B828 /* UITableViewCell */,
				AE0364F31FC5829B0028B828 /* UIView */,
				AE0364F41FC5829B0028B828 /* UIViewController */,
				AE0364F51FC5829B0028B828 /* WPAttributedMarkup */,
			);
			path = Addition;
			sourceTree = "<group>";
		};
		AE0364E61FC5829B0028B828 /* NSDate */ = {
			isa = PBXGroup;
			children = (
			);
			path = NSDate;
			sourceTree = "<group>";
		};
		AE0364E71FC5829B0028B828 /* NSDictionary */ = {
			isa = PBXGroup;
			children = (
			);
			path = NSDictionary;
			sourceTree = "<group>";
		};
		AE0364E81FC5829B0028B828 /* NSObject */ = {
			isa = PBXGroup;
			children = (
			);
			path = NSObject;
			sourceTree = "<group>";
		};
		AE0364E91FC5829B0028B828 /* NSString */ = {
			isa = PBXGroup;
			children = (
			);
			path = NSString;
			sourceTree = "<group>";
		};
		AE0364EA1FC5829B0028B828 /* NSTimer */ = {
			isa = PBXGroup;
			children = (
			);
			path = NSTimer;
			sourceTree = "<group>";
		};
		AE0364EB1FC5829B0028B828 /* UIApplication */ = {
			isa = PBXGroup;
			children = (
			);
			path = UIApplication;
			sourceTree = "<group>";
		};
		AE0364EC1FC5829B0028B828 /* UIButton */ = {
			isa = PBXGroup;
			children = (
			);
			path = UIButton;
			sourceTree = "<group>";
		};
		AE0364ED1FC5829B0028B828 /* UIControl */ = {
			isa = PBXGroup;
			children = (
			);
			path = UIControl;
			sourceTree = "<group>";
		};
		AE0364EE1FC5829B0028B828 /* UIImage */ = {
			isa = PBXGroup;
			children = (
			);
			path = UIImage;
			sourceTree = "<group>";
		};
		AE0364EF1FC5829B0028B828 /* UIImageView */ = {
			isa = PBXGroup;
			children = (
			);
			path = UIImageView;
			sourceTree = "<group>";
		};
		AE0364F01FC5829B0028B828 /* UINavigationController */ = {
			isa = PBXGroup;
			children = (
			);
			path = UINavigationController;
			sourceTree = "<group>";
		};
		AE0364F11FC5829B0028B828 /* UINavigationItem */ = {
			isa = PBXGroup;
			children = (
			);
			path = UINavigationItem;
			sourceTree = "<group>";
		};
		AE0364F21FC5829B0028B828 /* UITableViewCell */ = {
			isa = PBXGroup;
			children = (
			);
			path = UITableViewCell;
			sourceTree = "<group>";
		};
		AE0364F31FC5829B0028B828 /* UIView */ = {
			isa = PBXGroup;
			children = (
			);
			path = UIView;
			sourceTree = "<group>";
		};
		AE0364F41FC5829B0028B828 /* UIViewController */ = {
			isa = PBXGroup;
			children = (
			);
			path = UIViewController;
			sourceTree = "<group>";
		};
		AE0364F51FC5829B0028B828 /* WPAttributedMarkup */ = {
			isa = PBXGroup;
			children = (
			);
			path = WPAttributedMarkup;
			sourceTree = "<group>";
		};
		AE03650F1FC5829B0028B828 /* Controller */ = {
			isa = PBXGroup;
			children = (
				AE0365101FC5829B0028B828 /* YUNewsViewController.h */,
				AE0365111FC5829B0028B828 /* YUNewsViewController.m */,
			);
			path = Controller;
			sourceTree = "<group>";
		};
		AE0365121FC5829B0028B828 /* Helper */ = {
			isa = PBXGroup;
			children = (
				AE0365131FC5829B0028B828 /* PreConfig.h */,
				AE0365141FC5829B0028B828 /* TRYCustomHud.h */,
				AE0365151FC5829B0028B828 /* TRYCustomHud.m */,
				AE0365161FC5829B0028B828 /* TRYRefreshHeader.h */,
				AE0365171FC5829B0028B828 /* TRYRefreshHeader.m */,
				AE0365181FC5829B0028B828 /* TYGuideTool.h */,
				AE0365191FC5829B0028B828 /* TYGuideTool.m */,
				AE03651A1FC5829B0028B828 /* YUNetHelp.h */,
				AE03651B1FC5829B0028B828 /* YUNetHelp.m */,
			);
			path = Helper;
			sourceTree = "<group>";
		};
		AE03651C1FC5829B0028B828 /* Main */ = {
			isa = PBXGroup;
			children = (
				AE03651D1FC5829B0028B828 /* Controller */,
				AE0365221FC5829B0028B828 /* Model */,
				AE0365291FC5829B0028B828 /* View */,
			);
			path = Main;
			sourceTree = "<group>";
		};
		AE03651D1FC5829B0028B828 /* Controller */ = {
			isa = PBXGroup;
			children = (
				AE03651E1FC5829B0028B828 /* YUMainViewController.h */,
				AE03651F1FC5829B0028B828 /* YUMainViewController.m */,
				AE0365201FC5829B0028B828 /* YUNavigationController.h */,
				AE0365211FC5829B0028B828 /* YUNavigationController.m */,
			);
			path = Controller;
			sourceTree = "<group>";
		};
		AE0365221FC5829B0028B828 /* Model */ = {
			isa = PBXGroup;
			children = (
				AE0365231FC5829B0028B828 /* YULivingIndexModel.h */,
				AE0365241FC5829B0028B828 /* YULivingIndexModel.m */,
				AE0365251FC5829B0028B828 /* YUNowWeather.h */,
				AE0365261FC5829B0028B828 /* YUNowWeather.m */,
				AE0365271FC5829B0028B828 /* YUWeatherDataModel.h */,
				AE0365281FC5829B0028B828 /* YUWeatherDataModel.m */,
			);
			path = Model;
			sourceTree = "<group>";
		};
		AE0365291FC5829B0028B828 /* View */ = {
			isa = PBXGroup;
			children = (
				AE03652A1FC5829B0028B828 /* YUHeaderView.h */,
				AE03652B1FC5829B0028B828 /* YUHeaderView.m */,
				AE03652C1FC5829B0028B828 /* YULivingIndexCell.h */,
				AE03652D1FC5829B0028B828 /* YULivingIndexCell.m */,
				AE03652E1FC5829B0028B828 /* YULivingIndexCell.xib */,
				AE03652F1FC5829B0028B828 /* YUTopWeatherView.h */,
				AE0365301FC5829B0028B828 /* YUTopWeatherView.m */,
				AE0365311FC5829B0028B828 /* YUTopWeatherView.xib */,
				AE0365321FC5829B0028B828 /* YUVerticalButton.h */,
				AE0365331FC5829B0028B828 /* YUVerticalButton.m */,
				AE0365341FC5829B0028B828 /* YUWeatherInformationCell.h */,
				AE0365351FC5829B0028B828 /* YUWeatherInformationCell.m */,
				AE0365361FC5829B0028B828 /* YUWeatherInformationCell.xib */,
				AE0365371FC5829B0028B828 /* YUWeatherTrendView.h */,
				AE0365381FC5829B0028B828 /* YUWeatherTrendView.m */,
			);
			path = View;
			sourceTree = "<group>";
		};
		AE0365391FC5829B0028B828 /* Resource */ = {
			isa = PBXGroup;
			children = (
				AE0662CD1FD00C52000BAF62 /* image */,
				AE03656E1FC5829B0028B828 /* other */,
			);
			path = Resource;
			sourceTree = "<group>";
		};
		AE03656E1FC5829B0028B828 /* other */ = {
			isa = PBXGroup;
			children = (
			);
			path = other;
			sourceTree = "<group>";
		};
		AE03656F1FC5829B0028B828 /* CityPicker */ = {
			isa = PBXGroup;
			children = (
				AE0365701FC5829B0028B828 /* CityData.plist */,
				AE0365711FC5829B0028B828 /* TLCity.h */,
				AE0365721FC5829B0028B828 /* TLCity.m */,
				AE0365731FC5829B0028B828 /* TLCityGroupCell.h */,
				AE0365741FC5829B0028B828 /* TLCityGroupCell.m */,
				AE0365751FC5829B0028B828 /* TLCityHeaderView.h */,
				AE0365761FC5829B0028B828 /* TLCityHeaderView.m */,
				AE0365771FC5829B0028B828 /* TLCityPickerController.h */,
				AE0365781FC5829B0028B828 /* TLCityPickerController.m */,
				AE0365791FC5829B0028B828 /* TLCityPickerDelegate.h */,
				AE03657A1FC5829B0028B828 /* TLCityPickerSearchResultController.h */,
				AE03657B1FC5829B0028B828 /* TLCityPickerSearchResultController.m */,
			);
			path = CityPicker;
			sourceTree = "<group>";
		};
		AE03657C1FC5829B0028B828 /* setting */ = {
			isa = PBXGroup;
			children = (
				AE03657D1FC5829B0028B828 /* Controller */,
				AEFF4ED31FCBE41A00860E3F /* View */,
				AEFEF3AE1FCFD33000B0799E /* Helper */,
			);
			path = setting;
			sourceTree = "<group>";
		};
		AE03657D1FC5829B0028B828 /* Controller */ = {
			isa = PBXGroup;
			children = (
				AEFF4ED61FCBE43C00860E3F /* SHSetDateViewController.h */,
				AEFF4ED51FCBE43C00860E3F /* SHSetDateViewController.m */,
				AEFEF3B21FCFDA3F00B0799E /* YUSetNotificationController.h */,
				AEFEF3B31FCFDA3F00B0799E /* YUSetNotificationController.m */,
				AE03657E1FC5829B0028B828 /* YUAboutViewController.h */,
				AE03657F1FC5829B0028B828 /* YUAboutViewController.m */,
				AE0365801FC5829B0028B828 /* YUSettingViewController.h */,
				AE0365811FC5829B0028B828 /* YUSettingViewController.m */,
				AEFEF3B71FCFDF2100B0799E /* StoryboardSet.storyboard */,
			);
			path = Controller;
			sourceTree = "<group>";
		};
		AE0662CD1FD00C52000BAF62 /* image */ = {
			isa = PBXGroup;
			children = (
				AE0662D81FD00CBE000BAF62 /* loading_gif_01@2x.png */,
				AE0662D91FD00CBE000BAF62 /* loading_gif_02@2x.png */,
				AE0662DA1FD00CBE000BAF62 /* loading_gif_03@2x.png */,
				AE0662DB1FD00CBE000BAF62 /* loading_gif_04@2x.png */,
				AE0662DC1FD00CBE000BAF62 /* loading_gif_05@2x.png */,
			);
			path = image;
			sourceTree = "<group>";
		};
		AEFEF3AE1FCFD33000B0799E /* Helper */ = {
			isa = PBXGroup;
			children = (
				AEFEF3AF1FCFD33000B0799E /* SHSpeechManager.h */,
				AEFEF3B01FCFD33000B0799E /* SHSpeechManager.m */,
			);
			path = Helper;
			sourceTree = "<group>";
		};
		AEFF4ED31FCBE41A00860E3F /* View */ = {
			isa = PBXGroup;
			children = (
				AEFF4EDA1FCBE51600860E3F /* SHWeekDayTableViewCell.h */,
				AEFF4EDB1FCBE51600860E3F /* SHWeekDayTableViewCell.m */,
			);
			path = View;
			sourceTree = "<group>";
		};
		BC8B8E9A1C85409100044209 = {
			isa = PBXGroup;
			children = (
				BC8B8EA51C85409100044209 /* TimelyWeahter */,
				BC8B8EA41C85409100044209 /* Products */,
				BF3316DBE0735A58F909A10D /* Frameworks */,
				51C9CEA445C5285DE8C6B001 /* Pods */,
			);
			sourceTree = "<group>";
		};
		BC8B8EA41C85409100044209 /* Products */ = {
			isa = PBXGroup;
			children = (
				BC8B8EA31C85409100044209 /* TimelyWeahter.app */,
			);
			name = Products;
			sourceTree = "<group>";
		};
		BC8B8EA51C85409100044209 /* TimelyWeahter */ = {
			isa = PBXGroup;
			children = (
				BC8B8EA91C85409100044209 /* AppDelegate.h */,
				BC8B8EAA1C85409100044209 /* AppDelegate.m */,
				AE0364D81FC5829B0028B828 /* Base */,
				AE03651C1FC5829B0028B828 /* Main */,
				AE03656F1FC5829B0028B828 /* CityPicker */,
				AE03657C1FC5829B0028B828 /* setting */,
				AE0364E31FC5829B0028B828 /* Other */,
				AE0365391FC5829B0028B828 /* Resource */,
				BC8B8EA61C85409100044209 /* Supporting Files */,
			);
			path = TimelyWeahter;
			sourceTree = "<group>";
		};
		BC8B8EA61C85409100044209 /* Supporting Files */ = {
			isa = PBXGroup;
			children = (
				BC8B8EB21C85409100044209 /* Assets.xcassets */,
				BC8B8EB41C85409100044209 /* LaunchScreen.storyboard */,
				BC8B8EB71C85409100044209 /* Info.plist */,
				BC8B8EA71C85409100044209 /* main.m */,
			);
			name = "Supporting Files";
			sourceTree = "<group>";
		};
		BF3316DBE0735A58F909A10D /* Frameworks */ = {
			isa = PBXGroup;
			children = (
				BC399F1D1C8D73F800A66115 /* CoreLocation.framework */,
				7943170DA967AF3BB4F7DE25 /* libPods-TimelyWeahter.a */,
			);
			name = Frameworks;
			sourceTree = "<group>";
		};
/* End PBXGroup section */

/* Begin PBXNativeTarget section */
		BC8B8EA21C85409100044209 /* TimelyWeahter */ = {
			isa = PBXNativeTarget;
			buildConfigurationList = BC8B8ED01C85409100044209 /* Build configuration list for PBXNativeTarget "TimelyWeahter" */;
			buildPhases = (
				BD65390FFC941445ED0F6F0A /* [CP] Check Pods Manifest.lock */,
				BC8B8E9F1C85409100044209 /* Sources */,
				BC8B8EA01C85409100044209 /* Frameworks */,
				BC8B8EA11C85409100044209 /* Resources */,
				96F2D897F9A87BFFDD00EEB7 /* [CP] Embed Pods Frameworks */,
				34A36B1E826F487C0359260E /* [CP] Copy Pods Resources */,
			);
			buildRules = (
			);
			dependencies = (
			);
			name = TimelyWeahter;
			productName = TimelyWeahter;
			productReference = BC8B8EA31C85409100044209 /* TimelyWeahter.app */;
			productType = "com.apple.product-type.application";
		};
/* End PBXNativeTarget section */

/* Begin PBXProject section */
		BC8B8E9B1C85409100044209 /* Project object */ = {
			isa = PBXProject;
			attributes = {
				CLASSPREFIX = YU;
				LastUpgradeCheck = 0720;
				ORGANIZATIONNAME = "";
				TargetAttributes = {
					BC8B8EA21C85409100044209 = {
						CreatedOnToolsVersion = 7.2;
						DevelopmentTeam = 54G54LR4A9;
					};
				};
			};
			buildConfigurationList = BC8B8E9E1C85409100044209 /* Build configuration list for PBXProject "TimelyWeahter" */;
			compatibilityVersion = "Xcode 3.2";
			developmentRegion = English;
			hasScannedForEncodings = 0;
			knownRegions = (
				en,
				Base,
			);
			mainGroup = BC8B8E9A1C85409100044209;
			productRefGroup = BC8B8EA41C85409100044209 /* Products */;
			projectDirPath = "";
			projectRoot = "";
			targets = (
				BC8B8EA21C85409100044209 /* TimelyWeahter */,
			);
		};
/* End PBXProject section */

/* Begin PBXResourcesBuildPhase section */
		BC8B8EA11C85409100044209 /* Resources */ = {
			isa = PBXResourcesBuildPhase;
			buildActionMask = 2147483647;
			files = (
				BC8B8EB61C85409100044209 /* LaunchScreen.storyboard in Resources */,
				AEFEF3B81FCFDF2100B0799E /* StoryboardSet.storyboard in Resources */,
				AE03659F1FC5829B0028B828 /* YULivingIndexCell.xib in Resources */,
				AE0662E01FD00CBE000BAF62 /* loading_gif_04@2x.png in Resources */,
				AE0365D91FC5829B0028B828 /* CityData.plist in Resources */,
				AE0662DE1FD00CBE000BAF62 /* loading_gif_02@2x.png in Resources */,
				BC8B8EB31C85409100044209 /* Assets.xcassets in Resources */,
				AE0662DD1FD00CBE000BAF62 /* loading_gif_01@2x.png in Resources */,
				AE0365A41FC5829B0028B828 /* YUWeatherInformationCell.xib in Resources */,
				AE0662E11FD00CBE000BAF62 /* loading_gif_05@2x.png in Resources */,
				AE0365A11FC5829B0028B828 /* YUTopWeatherView.xib in Resources */,
				AE0662DF1FD00CBE000BAF62 /* loading_gif_03@2x.png in Resources */,
			);
			runOnlyForDeploymentPostprocessing = 0;
		};
/* End PBXResourcesBuildPhase section */

/* Begin PBXShellScriptBuildPhase section */
		34A36B1E826F487C0359260E /* [CP] Copy Pods Resources */ = {
			isa = PBXShellScriptBuildPhase;
			buildActionMask = 2147483647;
			files = (
			);
			inputPaths = (
				"${SRCROOT}/Pods/Target Support Files/Pods-TimelyWeahter/Pods-TimelyWeahter-resources.sh",
				"${PODS_ROOT}/MJRefresh/MJRefresh/MJRefresh.bundle",
			);
			name = "[CP] Copy Pods Resources";
			outputPaths = (
				"${TARGET_BUILD_DIR}/${UNLOCALIZED_RESOURCES_FOLDER_PATH}",
			);
			runOnlyForDeploymentPostprocessing = 0;
			shellPath = /bin/sh;
			shellScript = "\"${SRCROOT}/Pods/Target Support Files/Pods-TimelyWeahter/Pods-TimelyWeahter-resources.sh\"\n";
			showEnvVarsInLog = 0;
		};
		96F2D897F9A87BFFDD00EEB7 /* [CP] Embed Pods Frameworks */ = {
			isa = PBXShellScriptBuildPhase;
			buildActionMask = 2147483647;
			files = (
			);
			inputPaths = (
			);
			name = "[CP] Embed Pods Frameworks";
			outputPaths = (
			);
			runOnlyForDeploymentPostprocessing = 0;
			shellPath = /bin/sh;
			shellScript = "\"${SRCROOT}/Pods/Target Support Files/Pods-TimelyWeahter/Pods-TimelyWeahter-frameworks.sh\"\n";
			showEnvVarsInLog = 0;
		};
		BD65390FFC941445ED0F6F0A /* [CP] Check Pods Manifest.lock */ = {
			isa = PBXShellScriptBuildPhase;
			buildActionMask = 2147483647;
			files = (
			);
			inputPaths = (
				"${PODS_PODFILE_DIR_PATH}/Podfile.lock",
				"${PODS_ROOT}/Manifest.lock",
			);
			name = "[CP] Check Pods Manifest.lock";
			outputPaths = (
				"$(DERIVED_FILE_DIR)/Pods-TimelyWeahter-checkManifestLockResult.txt",
			);
			runOnlyForDeploymentPostprocessing = 0;
			shellPath = /bin/sh;
			shellScript = "diff \"${PODS_PODFILE_DIR_PATH}/Podfile.lock\" \"${PODS_ROOT}/Manifest.lock\" > /dev/null\nif [ $? != 0 ] ; then\n    # print error to STDERR\n    echo \"error: The sandbox is not in sync with the Podfile.lock. Run 'pod install' or update your CocoaPods installation.\" >&2\n    exit 1\nfi\n# This output is used by Xcode 'outputs' to avoid re-running this script phase.\necho \"SUCCESS\" > \"${SCRIPT_OUTPUT_FILE_0}\"\n";
			showEnvVarsInLog = 0;
		};
/* End PBXShellScriptBuildPhase section */

/* Begin PBXSourcesBuildPhase section */
		BC8B8E9F1C85409100044209 /* Sources */ = {
			isa = PBXSourcesBuildPhase;
			buildActionMask = 2147483647;
			files = (
				AEFF4ED81FCBE43D00860E3F /* SHSetDateViewController.m in Sources */,
				AE0365911FC5829B0028B828 /* UIView+Extension.m in Sources */,
				AEFEF3B11FCFD33000B0799E /* SHSpeechManager.m in Sources */,
				AE03659A1FC5829B0028B828 /* YULivingIndexModel.m in Sources */,
				AE0365871FC5829B0028B828 /* NSDate+Extenion.m in Sources */,
				BC8B8EAB1C85409100044209 /* AppDelegate.m in Sources */,
				AE0365861FC5829B0028B828 /* Foundation+Log.m in Sources */,
				AE03659C1FC5829B0028B828 /* YUWeatherDataModel.m in Sources */,
				AE03659E1FC5829B0028B828 /* YULivingIndexCell.m in Sources */,
				AE0365941FC5829B0028B828 /* TRYCustomHud.m in Sources */,
				AE03658D1FC5829B0028B828 /* UIColor+Extension.m in Sources */,
				AE03659B1FC5829B0028B828 /* YUNowWeather.m in Sources */,
				AE0365951FC5829B0028B828 /* TRYRefreshHeader.m in Sources */,
				AE0365DF1FC5829B0028B828 /* YUAboutViewController.m in Sources */,
				AE03658A1FC5829B0028B828 /* NSString+File.m in Sources */,
				AE0365DC1FC5829B0028B828 /* TLCityHeaderView.m in Sources */,
				BC8B8EA81C85409100044209 /* main.m in Sources */,
				AE0365931FC5829B0028B828 /* YUNewsViewController.m in Sources */,
				AE0365841FC5829B0028B828 /* CustomNavigationBar.m in Sources */,
				AEFF4EDC1FCBE51600860E3F /* SHWeekDayTableViewCell.m in Sources */,
				AE03658F1FC5829B0028B828 /* UIImage+Extension.m in Sources */,
				AE0365DD1FC5829B0028B828 /* TLCityPickerController.m in Sources */,
				AEFEF3B41FCFDA3F00B0799E /* YUSetNotificationController.m in Sources */,
				AE0365921FC5829B0028B828 /* UIViewController+AppearController.m in Sources */,
				AE03658B1FC5829B0028B828 /* NSString+MD5.m in Sources */,
				AE0365891FC5829B0028B828 /* NSString+Extension.m in Sources */,
				AE0365821FC5829B0028B828 /* TRYBaseTableViewController.m in Sources */,
				AE0365981FC5829B0028B828 /* YUMainViewController.m in Sources */,
				AE0365851FC5829B0028B828 /* TRYBaseTableView.m in Sources */,
				AE03659D1FC5829B0028B828 /* YUHeaderView.m in Sources */,
				AE0365A21FC5829B0028B828 /* YUVerticalButton.m in Sources */,
				AE0365DA1FC5829B0028B828 /* TLCity.m in Sources */,
				AE0365DB1FC5829B0028B828 /* TLCityGroupCell.m in Sources */,
				AE0365831FC5829B0028B828 /* TRYBaseViewController.m in Sources */,
				AE03658E1FC5829B0028B828 /* UIImage+Color.m in Sources */,
				AE0365A01FC5829B0028B828 /* YUTopWeatherView.m in Sources */,
				AE0365DE1FC5829B0028B828 /* TLCityPickerSearchResultController.m in Sources */,
				AE03658C1FC5829B0028B828 /* UIButton+Extension.m in Sources */,
				AE0365991FC5829B0028B828 /* YUNavigationController.m in Sources */,
				AE0365A31FC5829B0028B828 /* YUWeatherInformationCell.m in Sources */,
				AE0365971FC5829B0028B828 /* YUNetHelp.m in Sources */,
				AE0365A51FC5829B0028B828 /* YUWeatherTrendView.m in Sources */,
				AE0365961FC5829B0028B828 /* TYGuideTool.m in Sources */,
				AE0365901FC5829B0028B828 /* UIImageView+loadImage.m in Sources */,
				AE0365881FC5829B0028B828 /* NSDate+Formatter.m in Sources */,
				AE0365E01FC5829B0028B828 /* YUSettingViewController.m in Sources */,
			);
			runOnlyForDeploymentPostprocessing = 0;
		};
/* End PBXSourcesBuildPhase section */

/* Begin PBXVariantGroup section */
		BC8B8EB41C85409100044209 /* LaunchScreen.storyboard */ = {
			isa = PBXVariantGroup;
			children = (
				BC8B8EB51C85409100044209 /* Base */,
			);
			name = LaunchScreen.storyboard;
			sourceTree = "<group>";
		};
/* End PBXVariantGroup section */

/* Begin XCBuildConfiguration section */
		BC8B8ECE1C85409100044209 /* Debug */ = {
			isa = XCBuildConfiguration;
			buildSettings = {
				ALWAYS_SEARCH_USER_PATHS = NO;
				CLANG_CXX_LANGUAGE_STANDARD = "gnu++0x";
				CLANG_CXX_LIBRARY = "libc++";
				CLANG_ENABLE_MODULES = YES;
				CLANG_ENABLE_OBJC_ARC = YES;
				CLANG_WARN_BOOL_CONVERSION = YES;
				CLANG_WARN_CONSTANT_CONVERSION = YES;
				CLANG_WARN_DIRECT_OBJC_ISA_USAGE = YES_ERROR;
				CLANG_WARN_EMPTY_BODY = YES;
				CLANG_WARN_ENUM_CONVERSION = YES;
				CLANG_WARN_INT_CONVERSION = YES;
				CLANG_WARN_OBJC_ROOT_CLASS = YES_ERROR;
				CLANG_WARN_UNREACHABLE_CODE = YES;
				CLANG_WARN__DUPLICATE_METHOD_MATCH = YES;
				"CODE_SIGN_IDENTITY[sdk=iphoneos*]" = "iPhone Developer";
				COPY_PHASE_STRIP = NO;
				DEBUG_INFORMATION_FORMAT = dwarf;
				ENABLE_STRICT_OBJC_MSGSEND = YES;
				ENABLE_TESTABILITY = YES;
				GCC_C_LANGUAGE_STANDARD = gnu99;
				GCC_DYNAMIC_NO_PIC = NO;
				GCC_NO_COMMON_BLOCKS = YES;
				GCC_OPTIMIZATION_LEVEL = 0;
				GCC_PREPROCESSOR_DEFINITIONS = (
					"DEBUG=1",
					"$(inherited)",
				);
				GCC_WARN_64_TO_32_BIT_CONVERSION = YES;
				GCC_WARN_ABOUT_RETURN_TYPE = YES_ERROR;
				GCC_WARN_UNDECLARED_SELECTOR = YES;
				GCC_WARN_UNINITIALIZED_AUTOS = YES_AGGRESSIVE;
				GCC_WARN_UNUSED_FUNCTION = YES;
				GCC_WARN_UNUSED_VARIABLE = YES;
				IPHONEOS_DEPLOYMENT_TARGET = 9.2;
				MTL_ENABLE_DEBUG_INFO = YES;
				ONLY_ACTIVE_ARCH = YES;
				SDKROOT = iphoneos;
				TARGETED_DEVICE_FAMILY = "1,2";
			};
			name = Debug;
		};
		BC8B8ECF1C85409100044209 /* Release */ = {
			isa = XCBuildConfiguration;
			buildSettings = {
				ALWAYS_SEARCH_USER_PATHS = NO;
				CLANG_CXX_LANGUAGE_STANDARD = "gnu++0x";
				CLANG_CXX_LIBRARY = "libc++";
				CLANG_ENABLE_MODULES = YES;
				CLANG_ENABLE_OBJC_ARC = YES;
				CLANG_WARN_BOOL_CONVERSION = YES;
				CLANG_WARN_CONSTANT_CONVERSION = YES;
				CLANG_WARN_DIRECT_OBJC_ISA_USAGE = YES_ERROR;
				CLANG_WARN_EMPTY_BODY = YES;
				CLANG_WARN_ENUM_CONVERSION = YES;
				CLANG_WARN_INT_CONVERSION = YES;
				CLANG_WARN_OBJC_ROOT_CLASS = YES_ERROR;
				CLANG_WARN_UNREACHABLE_CODE = YES;
				CLANG_WARN__DUPLICATE_METHOD_MATCH = YES;
				"CODE_SIGN_IDENTITY[sdk=iphoneos*]" = "iPhone Developer";
				COPY_PHASE_STRIP = NO;
				DEBUG_INFORMATION_FORMAT = "dwarf-with-dsym";
				ENABLE_NS_ASSERTIONS = NO;
				ENABLE_STRICT_OBJC_MSGSEND = YES;
				GCC_C_LANGUAGE_STANDARD = gnu99;
				GCC_NO_COMMON_BLOCKS = YES;
				GCC_WARN_64_TO_32_BIT_CONVERSION = YES;
				GCC_WARN_ABOUT_RETURN_TYPE = YES_ERROR;
				GCC_WARN_UNDECLARED_SELECTOR = YES;
				GCC_WARN_UNINITIALIZED_AUTOS = YES_AGGRESSIVE;
				GCC_WARN_UNUSED_FUNCTION = YES;
				GCC_WARN_UNUSED_VARIABLE = YES;
				IPHONEOS_DEPLOYMENT_TARGET = 9.2;
				MTL_ENABLE_DEBUG_INFO = NO;
				SDKROOT = iphoneos;
				TARGETED_DEVICE_FAMILY = "1,2";
				VALIDATE_PRODUCT = YES;
			};
			name = Release;
		};
		BC8B8ED11C85409100044209 /* Debug */ = {
			isa = XCBuildConfiguration;
			baseConfigurationReference = 2E0FD403FB06ADD9780EDF9D /* Pods-TimelyWeahter.debug.xcconfig */;
			buildSettings = {
				ASSETCATALOG_COMPILER_APPICON_NAME = AppIcon;
				CODE_SIGN_IDENTITY = "iPhone Developer";
				"CODE_SIGN_IDENTITY[sdk=iphoneos*]" = "iPhone Developer";
				DEVELOPMENT_TEAM = 54G54LR4A9;
				GCC_PREFIX_HEADER = "";
				INFOPLIST_FILE = TimelyWeahter/Info.plist;
				IPHONEOS_DEPLOYMENT_TARGET = 8.0;
				LD_RUNPATH_SEARCH_PATHS = "$(inherited) @executable_path/Frameworks";
				PRODUCT_BUNDLE_IDENTIFIER = com.yutimelyweather5;
				PRODUCT_NAME = "$(TARGET_NAME)";
				PROVISIONING_PROFILE = "";
				TARGETED_DEVICE_FAMILY = 1;
			};
			name = Debug;
		};
		BC8B8ED21C85409100044209 /* Release */ = {
			isa = XCBuildConfiguration;
			baseConfigurationReference = CAAED275946DACA50B0CE468 /* Pods-TimelyWeahter.release.xcconfig */;
			buildSettings = {
				ASSETCATALOG_COMPILER_APPICON_NAME = AppIcon;
				CODE_SIGN_IDENTITY = "iPhone Developer";
				"CODE_SIGN_IDENTITY[sdk=iphoneos*]" = "iPhone Developer";
				DEVELOPMENT_TEAM = 54G54LR4A9;
				GCC_PREFIX_HEADER = "";
				INFOPLIST_FILE = TimelyWeahter/Info.plist;
				IPHONEOS_DEPLOYMENT_TARGET = 8.0;
				LD_RUNPATH_SEARCH_PATHS = "$(inherited) @executable_path/Frameworks";
				PRODUCT_BUNDLE_IDENTIFIER = com.yutimelyweather5;
				PRODUCT_NAME = "$(TARGET_NAME)";
				PROVISIONING_PROFILE = "";
				TARGETED_DEVICE_FAMILY = 1;
			};
			name = Release;
		};
/* End XCBuildConfiguration section */

/* Begin XCConfigurationList section */
		BC8B8E9E1C85409100044209 /* Build configuration list for PBXProject "TimelyWeahter" */ = {
			isa = XCConfigurationList;
			buildConfigurations = (
				BC8B8ECE1C85409100044209 /* Debug */,
				BC8B8ECF1C85409100044209 /* Release */,
			);
			defaultConfigurationIsVisible = 0;
			defaultConfigurationName = Release;
		};
		BC8B8ED01C85409100044209 /* Build configuration list for PBXNativeTarget "TimelyWeahter" */ = {
			isa = XCConfigurationList;
			buildConfigurations = (
				BC8B8ED11C85409100044209 /* Debug */,
				BC8B8ED21C85409100044209 /* Release */,
			);
			defaultConfigurationIsVisible = 0;
			defaultConfigurationName = Release;
		};
/* End XCConfigurationList section */
	};
	rootObject = BC8B8E9B1C85409100044209 /* Project object */;
}
